
Microsoft Visual Studio Solution File, Format Version 12.00
# Visual Studio Version 16
VisualStudioVersion = 16.0.31911.196
MinimumVisualStudioVersion = 10.0.40219.1
Project("{FAE04EC0-301F-11D3-BF4B-00C04F79EFBC}") = "Project1", "Project1\Project1.csproj", "{0112F6AA-DE99-4B1B-8B25-DF27E1D9E87F}"
EndProject
Global
	GlobalSection(SolutionConfigurationPlatforms) = preSolution
		Debug|Any CPU = Debug|Any CPU
		Release|Any CPU = Release|Any CPU
	EndGlobalSection
	GlobalSection(ProjectConfigurationPlatforms) = postSolution
		{0112F6AA-DE99-4B1B-8B25-DF27E1D9E87F}.Debug|Any CPU.ActiveCfg = Debug|Any CPU
		{0112F6AA-DE99-4B1B-8B25-DF27E1D9E87F}.Debug|Any CPU.Build.0 = Debug|Any CPU
		{0112F6AA-DE99-4B1B-8B25-DF27E1D9E87F}.Release|Any CPU.ActiveCfg = Release|Any CPU
		{0112F6AA-DE99-4B1B-8B25-DF27E1D9E87F}.Release|Any CPU.Build.0 = Release|Any CPU
	EndGlobalSection
	GlobalSection(SolutionProperties) = preSolution
		HideSolutionNode = FALSE
	EndGlobalSection
	GlobalSection(ExtensibilityGlobals) = postSolution
		SolutionGuid = {0C3F9534-CAB6-437D-8C1C-A9C9DAE00D07}
	EndGlobalSection
EndGlobal
