
Microsoft Visual Studio Solution File, Format Version 12.00
# Visual Studio Version 16
VisualStudioVersion = 16.0.31911.196
MinimumVisualStudioVersion = 10.0.40219.1
Project("{FAE04EC0-301F-11D3-BF4B-00C04F79EFBC}") = "React-NETProj", "React-NETProj\React-NETProj.csproj", "{84507893-87D8-4F3F-A0FC-94E0C87F8F13}"
EndProject
Global
	GlobalSection(SolutionConfigurationPlatforms) = preSolution
		Debug|Any CPU = Debug|Any CPU
		Release|Any CPU = Release|Any CPU
	EndGlobalSection
	GlobalSection(ProjectConfigurationPlatforms) = postSolution
		{84507893-87D8-4F3F-A0FC-94E0C87F8F13}.Debug|Any CPU.ActiveCfg = Debug|Any CPU
		{84507893-87D8-4F3F-A0FC-94E0C87F8F13}.Debug|Any CPU.Build.0 = Debug|Any CPU
		{84507893-87D8-4F3F-A0FC-94E0C87F8F13}.Release|Any CPU.ActiveCfg = Release|Any CPU
		{84507893-87D8-4F3F-A0FC-94E0C87F8F13}.Release|Any CPU.Build.0 = Release|Any CPU
	EndGlobalSection
	GlobalSection(SolutionProperties) = preSolution
		HideSolutionNode = FALSE
	EndGlobalSection
	GlobalSection(ExtensibilityGlobals) = postSolution
		SolutionGuid = {E9EE68F6-896E-4FB1-B3DB-6CD70F4A1283}
	EndGlobalSection
EndGlobal
